{
  "nodes": {
    "hix": {
      "inputs": {
        "nixpkgs": "nixpkgs",
        "thax": "thax"
      },
      "locked": {
        "lastModified": 1697216917,
        "narHash": "sha256-awnRdsdz76rc5Iqw3SPEaMqYZEEhAevDEFkKyWL/rXw=",
        "ref": "refs/heads/main",
        "rev": "1067133b4599ec58a4ecc3470bf3c4ee9e47886c",
        "revCount": 581,
        "type": "git",
        "url": "https://git.tryp.io/tek/hix"
      },
      "original": {
        "type": "git",
        "url": "https://git.tryp.io/tek/hix"
      }
    },
    "nixpkgs": {
      "locked": {
        "lastModified": 1695318763,
        "narHash": "sha256-FHVPDRP2AfvsxAdc+AsgFJevMz5VBmnZglFUMlxBkcY=",
        "owner": "nixos",
        "repo": "nixpkgs",
        "rev": "e12483116b3b51a185a33a272bf351e357ba9a99",
        "type": "github"
      },
      "original": {
        "owner": "nixos",
        "repo": "nixpkgs",
        "rev": "e12483116b3b51a185a33a272bf351e357ba9a99",
        "type": "github"
      }
    },
    "root": {
      "inputs": {
        "hix": "hix"
      }
    },
    "thax": {
      "locked": {
        "lastModified": 1691091387,
        "narHash": "sha256-i1dc/XqsIQizZ09o2ltX10zhV/3LCc0ZUqsS7enyN+g=",
        "owner": "tek",
        "repo": "thax",
        "rev": "10fa7482d171739414fc0d829005b4055799e4c6",
        "type": "github"
      },
      "original": {
        "owner": "tek",
        "repo": "thax",
        "type": "github"
      }
    }
  },
  "root": "root",
  "version": 7
}
